
Microsoft Visual Studio Solution File, Format Version 12.00
# Visual Studio Version 16
VisualStudioVersion = 16.0.30330.147
MinimumVisualStudioVersion = 10.0.40219.1
Project("{FAE04EC0-301F-11D3-BF4B-00C04F79EFBC}") = "S3WebApiTestApplication", "S3WebApiTestApplication\S3WebApiTestApplication.csproj", "{4D94ED61-4ED7-46D9-91C5-0E5F88DE418B}"
EndProject
Global
	GlobalSection(SolutionConfigurationPlatforms) = preSolution
		Debug|Any CPU = Debug|Any CPU
		Release|Any CPU = Release|Any CPU
	EndGlobalSection
	GlobalSection(ProjectConfigurationPlatforms) = postSolution
		{4D94ED61-4ED7-46D9-91C5-0E5F88DE418B}.Debug|Any CPU.ActiveCfg = Debug|Any CPU
		{4D94ED61-4ED7-46D9-91C5-0E5F88DE418B}.Debug|Any CPU.Build.0 = Debug|Any CPU
		{4D94ED61-4ED7-46D9-91C5-0E5F88DE418B}.Release|Any CPU.ActiveCfg = Release|Any CPU
		{4D94ED61-4ED7-46D9-91C5-0E5F88DE418B}.Release|Any CPU.Build.0 = Release|Any CPU
	EndGlobalSection
	GlobalSection(SolutionProperties) = preSolution
		HideSolutionNode = FALSE
	EndGlobalSection
	GlobalSection(ExtensibilityGlobals) = postSolution
		SolutionGuid = {E472F637-9B54-4E59-95A8-9F1F0484CC26}
	EndGlobalSection
EndGlobal
